
Microsoft Visual Studio Solution File, Format Version 12.00
# Visual Studio Version 16
VisualStudioVersion = 16.0.31624.102
MinimumVisualStudioVersion = 10.0.40219.1
Project("{FAE04EC0-301F-11D3-BF4B-00C04F79EFBC}") = "Fuvar", "Fuvar\Fuvar.csproj", "{C6AC69C8-C28C-48E7-A514-2A36E465ECF0}"
EndProject
Global
	GlobalSection(SolutionConfigurationPlatforms) = preSolution
		Debug|Any CPU = Debug|Any CPU
		Release|Any CPU = Release|Any CPU
	EndGlobalSection
	GlobalSection(ProjectConfigurationPlatforms) = postSolution
		{C6AC69C8-C28C-48E7-A514-2A36E465ECF0}.Debug|Any CPU.ActiveCfg = Debug|Any CPU
		{C6AC69C8-C28C-48E7-A514-2A36E465ECF0}.Debug|Any CPU.Build.0 = Debug|Any CPU
		{C6AC69C8-C28C-48E7-A514-2A36E465ECF0}.Release|Any CPU.ActiveCfg = Release|Any CPU
		{C6AC69C8-C28C-48E7-A514-2A36E465ECF0}.Release|Any CPU.Build.0 = Release|Any CPU
	EndGlobalSection
	GlobalSection(SolutionProperties) = preSolution
		HideSolutionNode = FALSE
	EndGlobalSection
	GlobalSection(ExtensibilityGlobals) = postSolution
		SolutionGuid = {FCD2BD75-9335-4E91-9AEB-DE5056F0193D}
	EndGlobalSection
EndGlobal
